# This file is automatically @generated by Cargo.
# It is not intended for manual editing.
version = 3

[[package]]
name = "async-oruntime"
version = "0.1.0"
dependencies = [
 "cc",
]

[[package]]
name = "cc"
version = "1.0.72"
source = "registry+https://github.com/rust-lang/crates.io-index"
checksum = "22a9137b95ea06864e018375b72adfb7db6e6f68cfc8df5a04d00288050485ee"
dependencies = [
 "jobserver",
]

[[package]]
name = "jobserver"
version = "0.1.24"
source = "registry+https://github.com/rust-lang/crates.io-index"
checksum = "af25a77299a7f711a01975c35a6a424eb6862092cc2d6c72c4ed6cbc56dfc1fa"
dependencies = [
 "libc",
]

[[package]]
name = "libc"
version = "0.2.111"
source = "registry+https://github.com/rust-lang/crates.io-index"
checksum = "8e167738f1866a7ec625567bae89ca0d44477232a4f7c52b1c7f2adc2c98804f"
